{
  "version": 4,
  "terraform_version": "0.12.26",
  "serial": 233,
  "lineage": "a21d1ce4-9f83-d4f8-6825-040d5ee581f6",
  "outputs": {
    "ELB": {
      "value": "my-elb-923807693.ap-south-1.elb.amazonaws.com",
      "type": "string"
    }
  },
  "resources": [
    {
      "mode": "managed",
      "type": "aws_autoscaling_group",
      "name": "elb-autoscaling",
      "provider": "provider.aws",
      "instances": [
        {
          "schema_version": 0,
          "attributes": {
            "arn": "arn:aws:autoscaling:ap-south-1:302238252373:autoScalingGroup:b9a8aac7-b75b-475c-a9dc-db95f14fb794:autoScalingGroupName/elb-autoscaling",
            "availability_zones": [
              "ap-south-1a",
              "ap-south-1b"
            ],
            "capacity_rebalance": false,
            "default_cooldown": 300,
            "desired_capacity": 1,
            "enabled_metrics": null,
            "force_delete": true,
            "health_check_grace_period": 300,
            "health_check_type": "ELB",
            "id": "elb-autoscaling",
            "initial_lifecycle_hook": [],
            "launch_configuration": "elb-launchconfig20201201125159348000000001",
            "launch_template": [],
            "load_balancers": [
              "my-elb"
            ],
            "max_instance_lifetime": 0,
            "max_size": 2,
            "metrics_granularity": "1Minute",
            "min_elb_capacity": null,
            "min_size": 1,
            "mixed_instances_policy": [],
            "name": "elb-autoscaling",
            "name_prefix": null,
            "placement_group": "",
            "protect_from_scale_in": false,
            "service_linked_role_arn": "arn:aws:iam::302238252373:role/aws-service-role/autoscaling.amazonaws.com/AWSServiceRoleForAutoScaling",
            "suspended_processes": null,
            "tag": [
              {
                "key": "Name",
                "propagate_at_launch": true,
                "value": "ec2 instance"
              }
            ],
            "tags": null,
            "target_group_arns": null,
            "termination_policies": null,
            "timeouts": null,
            "vpc_zone_identifier": [
              "subnet-007ecef870c047893",
              "subnet-0461ab2a17fd4ffa5"
            ],
            "wait_for_capacity_timeout": "10m",
            "wait_for_elb_capacity": null
          },
          "private": "eyJlMmJmYjczMC1lY2FhLTExZTYtOGY4OC0zNDM2M2JjN2M0YzAiOnsiZGVsZXRlIjo2MDAwMDAwMDAwMDB9fQ==",
          "dependencies": [
            "aws_elb.my-elb",
            "aws_key_pair.mykeypair",
            "aws_launch_configuration.elb-launchconfig",
            "aws_security_group.elb-securitygroup",
            "aws_security_group.instance-sg",
            "aws_subnet.Public_SN_1",
            "aws_subnet.Public_SN_2",
            "aws_vpc.my_vpc"
          ]
        }
      ]
    },
    {
      "mode": "managed",
      "type": "aws_autoscaling_policy",
      "name": "instance-cpu-policy",
      "provider": "provider.aws",
      "instances": [
        {
          "schema_version": 0,
          "attributes": {
            "adjustment_type": "ChangeInCapacity",
            "arn": "arn:aws:autoscaling:ap-south-1:302238252373:scalingPolicy:1da5ec55-522f-4d81-a408-f00f39cad1f6:autoScalingGroupName/elb-autoscaling:policyName/instance-cpu-policy",
            "autoscaling_group_name": "elb-autoscaling",
            "cooldown": 300,
            "estimated_instance_warmup": 0,
            "id": "instance-cpu-policy",
            "metric_aggregation_type": "",
            "min_adjustment_magnitude": null,
            "name": "instance-cpu-policy",
            "policy_type": "SimpleScaling",
            "scaling_adjustment": 1,
            "step_adjustment": [],
            "target_tracking_configuration": []
          },
          "private": "bnVsbA==",
          "dependencies": [
            "aws_autoscaling_group.elb-autoscaling",
            "aws_elb.my-elb",
            "aws_key_pair.mykeypair",
            "aws_launch_configuration.elb-launchconfig",
            "aws_security_group.elb-securitygroup",
            "aws_security_group.instance-sg",
            "aws_subnet.Public_SN_1",
            "aws_subnet.Public_SN_2",
            "aws_vpc.my_vpc"
          ]
        }
      ]
    },
    {
      "mode": "managed",
      "type": "aws_autoscaling_policy",
      "name": "instance-cpu-policy-scaledown",
      "provider": "provider.aws",
      "instances": [
        {
          "schema_version": 0,
          "attributes": {
            "adjustment_type": "ChangeInCapacity",
            "arn": "arn:aws:autoscaling:ap-south-1:302238252373:scalingPolicy:ba0bb94d-9773-4c6c-bf44-d0130dfd4029:autoScalingGroupName/elb-autoscaling:policyName/instance-cpu-policy-scaledown",
            "autoscaling_group_name": "elb-autoscaling",
            "cooldown": 300,
            "estimated_instance_warmup": 0,
            "id": "instance-cpu-policy-scaledown",
            "metric_aggregation_type": "",
            "min_adjustment_magnitude": null,
            "name": "instance-cpu-policy-scaledown",
            "policy_type": "SimpleScaling",
            "scaling_adjustment": -1,
            "step_adjustment": [],
            "target_tracking_configuration": []
          },
          "private": "bnVsbA==",
          "dependencies": [
            "aws_autoscaling_group.elb-autoscaling",
            "aws_elb.my-elb",
            "aws_key_pair.mykeypair",
            "aws_launch_configuration.elb-launchconfig",
            "aws_security_group.elb-securitygroup",
            "aws_security_group.instance-sg",
            "aws_subnet.Public_SN_1",
            "aws_subnet.Public_SN_2",
            "aws_vpc.my_vpc"
          ]
        }
      ]
    },
    {
      "mode": "managed",
      "type": "aws_cloudwatch_metric_alarm",
      "name": "instance-cpu-alarm",
      "provider": "provider.aws",
      "instances": [
        {
          "schema_version": 1,
          "attributes": {
            "actions_enabled": true,
            "alarm_actions": [
              "arn:aws:autoscaling:ap-south-1:302238252373:scalingPolicy:1da5ec55-522f-4d81-a408-f00f39cad1f6:autoScalingGroupName/elb-autoscaling:policyName/instance-cpu-policy"
            ],
            "alarm_description": "instance-cpu-alarm",
            "alarm_name": "instance-cpu-alarm",
            "arn": "arn:aws:cloudwatch:ap-south-1:302238252373:alarm:instance-cpu-alarm",
            "comparison_operator": "GreaterThanOrEqualToThreshold",
            "datapoints_to_alarm": 0,
            "dimensions": {
              "AutoScalingGroupName": "elb-autoscaling"
            },
            "evaluate_low_sample_count_percentiles": "",
            "evaluation_periods": 2,
            "extended_statistic": "",
            "id": "instance-cpu-alarm",
            "insufficient_data_actions": null,
            "metric_name": "CPUUtilization",
            "metric_query": [],
            "namespace": "AWS/EC2",
            "ok_actions": null,
            "period": 120,
            "statistic": "Average",
            "tags": null,
            "threshold": 30,
            "threshold_metric_id": "",
            "treat_missing_data": "missing",
            "unit": ""
          },
          "private": "eyJzY2hlbWFfdmVyc2lvbiI6IjEifQ==",
          "dependencies": [
            "aws_autoscaling_group.elb-autoscaling",
            "aws_autoscaling_policy.instance-cpu-policy",
            "aws_elb.my-elb",
            "aws_key_pair.mykeypair",
            "aws_launch_configuration.elb-launchconfig",
            "aws_security_group.elb-securitygroup",
            "aws_security_group.instance-sg",
            "aws_subnet.Public_SN_1",
            "aws_subnet.Public_SN_2",
            "aws_vpc.my_vpc"
          ]
        }
      ]
    },
    {
      "mode": "managed",
      "type": "aws_cloudwatch_metric_alarm",
      "name": "instance-cpu-alarm-scaledown",
      "provider": "provider.aws",
      "instances": [
        {
          "schema_version": 1,
          "attributes": {
            "actions_enabled": true,
            "alarm_actions": [
              "arn:aws:autoscaling:ap-south-1:302238252373:scalingPolicy:ba0bb94d-9773-4c6c-bf44-d0130dfd4029:autoScalingGroupName/elb-autoscaling:policyName/instance-cpu-policy-scaledown"
            ],
            "alarm_description": "instance-cpu-alarm-scaledown",
            "alarm_name": "instance-cpu-alarm-scaledown",
            "arn": "arn:aws:cloudwatch:ap-south-1:302238252373:alarm:instance-cpu-alarm-scaledown",
            "comparison_operator": "LessThanOrEqualToThreshold",
            "datapoints_to_alarm": 0,
            "dimensions": {
              "AutoScalingGroupName": "elb-autoscaling"
            },
            "evaluate_low_sample_count_percentiles": "",
            "evaluation_periods": 2,
            "extended_statistic": "",
            "id": "instance-cpu-alarm-scaledown",
            "insufficient_data_actions": null,
            "metric_name": "CPUUtilization",
            "metric_query": [],
            "namespace": "AWS/EC2",
            "ok_actions": null,
            "period": 120,
            "statistic": "Average",
            "tags": null,
            "threshold": 5,
            "threshold_metric_id": "",
            "treat_missing_data": "missing",
            "unit": ""
          },
          "private": "eyJzY2hlbWFfdmVyc2lvbiI6IjEifQ==",
          "dependencies": [
            "aws_autoscaling_group.elb-autoscaling",
            "aws_autoscaling_policy.instance-cpu-policy-scaledown",
            "aws_elb.my-elb",
            "aws_key_pair.mykeypair",
            "aws_launch_configuration.elb-launchconfig",
            "aws_security_group.elb-securitygroup",
            "aws_security_group.instance-sg",
            "aws_subnet.Public_SN_1",
            "aws_subnet.Public_SN_2",
            "aws_vpc.my_vpc"
          ]
        }
      ]
    },
    {
      "mode": "managed",
      "type": "aws_elb",
      "name": "my-elb",
      "provider": "provider.aws",
      "instances": [
        {
          "schema_version": 0,
          "attributes": {
            "access_logs": [],
            "arn": "arn:aws:elasticloadbalancing:ap-south-1:302238252373:loadbalancer/my-elb",
            "availability_zones": [
              "ap-south-1a",
              "ap-south-1b"
            ],
            "connection_draining": true,
            "connection_draining_timeout": 400,
            "cross_zone_load_balancing": true,
            "dns_name": "my-elb-923807693.ap-south-1.elb.amazonaws.com",
            "health_check": [
              {
                "healthy_threshold": 2,
                "interval": 30,
                "target": "HTTP:80/",
                "timeout": 3,
                "unhealthy_threshold": 2
              }
            ],
            "id": "my-elb",
            "idle_timeout": 60,
            "instances": [],
            "internal": false,
            "listener": [
              {
                "instance_port": 80,
                "instance_protocol": "http",
                "lb_port": 80,
                "lb_protocol": "http",
                "ssl_certificate_id": ""
              }
            ],
            "name": "my-elb",
            "name_prefix": null,
            "security_groups": [
              "sg-0d265564d293cb6aa"
            ],
            "source_security_group": "302238252373/elb",
            "source_security_group_id": "sg-0d265564d293cb6aa",
            "subnets": [
              "subnet-007ecef870c047893",
              "subnet-0461ab2a17fd4ffa5"
            ],
            "tags": {
              "Name": "my-elb"
            },
            "zone_id": "ZP97RAFLXTNZK"
          },
          "private": "bnVsbA==",
          "dependencies": [
            "aws_security_group.elb-securitygroup",
            "aws_subnet.Public_SN_1",
            "aws_subnet.Public_SN_2",
            "aws_vpc.my_vpc"
          ]
        }
      ]
    },
    {
      "mode": "managed",
      "type": "aws_internet_gateway",
      "name": "my-igw",
      "provider": "provider.aws",
      "instances": [
        {
          "schema_version": 0,
          "attributes": {
            "arn": "arn:aws:ec2:ap-south-1:302238252373:internet-gateway/igw-0a466a2d9fa10de01",
            "id": "igw-0a466a2d9fa10de01",
            "owner_id": "302238252373",
            "tags": {
              "Name": "my-igw"
            },
            "vpc_id": "vpc-049ca0b64673029af"
          },
          "private": "bnVsbA==",
          "dependencies": [
            "aws_vpc.my_vpc"
          ]
        }
      ]
    },
    {
      "mode": "managed",
      "type": "aws_key_pair",
      "name": "mykeypair",
      "provider": "provider.aws",
      "instances": [
        {
          "schema_version": 1,
          "attributes": {
            "arn": "arn:aws:ec2:ap-south-1:302238252373:key-pair/mykeypair",
            "fingerprint": "7f:a4:5b:8d:46:33:4e:cf:36:6c:58:23:bb:f2:60:56",
            "id": "mykeypair",
            "key_name": "mykeypair",
            "key_name_prefix": null,
            "key_pair_id": "key-06987c0c47a9d2f17",
            "public_key": "ssh-rsa AAAAB3NzaC1yc2EAAAADAQABAAABgQCpQTR4F3TNikaGzbOqbFwslEIfc+7O7aYxbKi9HIDwN+O8RzD9lj3QVRFR1qEqaElfH5yYlHiv0KzfbFHvPo9w+rurIoeGu9oCXdoTeksx658V032h0VVHB8k4h0PM2Tl7RCTyXO4C60Jzm5R4dux2sxIOlbwykKPSvaRcKk052ptiH+3ET38f/zP74GnvyEWzZco0JFh4uRnKsWdY317h/lbdCjcnvWimEis5aJ7GJuglFxY5TQq4NwSR8B6oOXpK1dzyAnHdOrNtIi8dgYCvEihCKSTsGp/ierUXU+qcqr+9Ht15g0mh9uYCdhSBcHzahOpoOxnUjfXkDnu0C/gXn+PbYQotP1sOjIkJU6FWe+dxl1CL7UqucMk/cP28nSfAkohowI4CVPkVg1/5+qlmF3/uZi7ozrae4b6Dy/AwX24iSgAv/63W0a5ohz6J5J7h0d2cwf05eyWlRx653Sw9WJc86t06iwiLHx4ap/iE4u7hSfkain80UlYKQsUryBc= root@ip-172-31-40-202",
            "tags": null
          },
          "private": "eyJzY2hlbWFfdmVyc2lvbiI6IjEifQ=="
        }
      ]
    },
    {
      "mode": "managed",
      "type": "aws_launch_configuration",
      "name": "elb-launchconfig",
      "provider": "provider.aws",
      "instances": [
        {
          "schema_version": 0,
          "attributes": {
            "arn": "arn:aws:autoscaling:ap-south-1:302238252373:launchConfiguration:b3902495-5ab7-48fb-be62-9391789b7c4e:launchConfigurationName/elb-launchconfig20201201125159348000000001",
            "associate_public_ip_address": false,
            "ebs_block_device": [],
            "ebs_optimized": false,
            "enable_monitoring": true,
            "ephemeral_block_device": [],
            "iam_instance_profile": "",
            "id": "elb-launchconfig20201201125159348000000001",
            "image_id": "ami-0ea75cb7a2de73109",
            "instance_type": "t2.micro",
            "key_name": "mykeypair",
            "name": "elb-launchconfig20201201125159348000000001",
            "name_prefix": "elb-launchconfig",
            "placement_tenancy": null,
            "root_block_device": [],
            "security_groups": [
              "sg-0501fcdf0a4432829"
            ],
            "spot_price": "",
            "user_data": "e1c2a215a09f41475381a86cdb79619c1349122e",
            "user_data_base64": null,
            "vpc_classic_link_id": "",
            "vpc_classic_link_security_groups": null
          },
          "private": "bnVsbA==",
          "dependencies": [
            "aws_key_pair.mykeypair",
            "aws_security_group.elb-securitygroup",
            "aws_security_group.instance-sg",
            "aws_vpc.my_vpc"
          ]
        }
      ]
    },
    {
      "mode": "managed",
      "type": "aws_route_table",
      "name": "Public_RT",
      "provider": "provider.aws",
      "instances": [
        {
          "schema_version": 0,
          "attributes": {
            "id": "rtb-0ad19af23386e5ff0",
            "owner_id": "302238252373",
            "propagating_vgws": [],
            "route": [
              {
                "cidr_block": "0.0.0.0/0",
                "egress_only_gateway_id": "",
                "gateway_id": "igw-0a466a2d9fa10de01",
                "instance_id": "",
                "ipv6_cidr_block": "",
                "local_gateway_id": "",
                "nat_gateway_id": "",
                "network_interface_id": "",
                "transit_gateway_id": "",
                "vpc_endpoint_id": "",
                "vpc_peering_connection_id": ""
              }
            ],
            "tags": {
              "Name": "Public_RT"
            },
            "vpc_id": "vpc-049ca0b64673029af"
          },
          "private": "bnVsbA==",
          "dependencies": [
            "aws_internet_gateway.my-igw",
            "aws_vpc.my_vpc"
          ]
        }
      ]
    },
    {
      "mode": "managed",
      "type": "aws_route_table_association",
      "name": "Public_SN_1-a",
      "provider": "provider.aws",
      "instances": [
        {
          "schema_version": 0,
          "attributes": {
            "gateway_id": null,
            "id": "rtbassoc-072317c7669964859",
            "route_table_id": "rtb-0ad19af23386e5ff0",
            "subnet_id": "subnet-007ecef870c047893"
          },
          "private": "bnVsbA==",
          "dependencies": [
            "aws_internet_gateway.my-igw",
            "aws_route_table.Public_RT",
            "aws_subnet.Public_SN_1",
            "aws_vpc.my_vpc"
          ]
        }
      ]
    },
    {
      "mode": "managed",
      "type": "aws_route_table_association",
      "name": "Public_SN_2-a",
      "provider": "provider.aws",
      "instances": [
        {
          "schema_version": 0,
          "attributes": {
            "gateway_id": null,
            "id": "rtbassoc-08882c553da3a694b",
            "route_table_id": "rtb-0ad19af23386e5ff0",
            "subnet_id": "subnet-0461ab2a17fd4ffa5"
          },
          "private": "bnVsbA==",
          "dependencies": [
            "aws_internet_gateway.my-igw",
            "aws_route_table.Public_RT",
            "aws_subnet.Public_SN_2",
            "aws_vpc.my_vpc"
          ]
        }
      ]
    },
    {
      "mode": "managed",
      "type": "aws_route_table_association",
      "name": "Public_SN_3-a",
      "provider": "provider.aws",
      "instances": [
        {
          "schema_version": 0,
          "attributes": {
            "gateway_id": null,
            "id": "rtbassoc-05fe1fc957d14c032",
            "route_table_id": "rtb-0ad19af23386e5ff0",
            "subnet_id": "subnet-01c9c7d9130c0e25f"
          },
          "private": "bnVsbA==",
          "dependencies": [
            "aws_internet_gateway.my-igw",
            "aws_route_table.Public_RT",
            "aws_subnet.Public_SN_3",
            "aws_vpc.my_vpc"
          ]
        }
      ]
    },
    {
      "mode": "managed",
      "type": "aws_security_group",
      "name": "elb-securitygroup",
      "provider": "provider.aws",
      "instances": [
        {
          "schema_version": 1,
          "attributes": {
            "arn": "arn:aws:ec2:ap-south-1:302238252373:security-group/sg-0d265564d293cb6aa",
            "description": "security group for load balancer",
            "egress": [
              {
                "cidr_blocks": [
                  "0.0.0.0/0"
                ],
                "description": "",
                "from_port": 0,
                "ipv6_cidr_blocks": [],
                "prefix_list_ids": [],
                "protocol": "-1",
                "security_groups": [],
                "self": false,
                "to_port": 0
              }
            ],
            "id": "sg-0d265564d293cb6aa",
            "ingress": [
              {
                "cidr_blocks": [
                  "0.0.0.0/0"
                ],
                "description": "",
                "from_port": 80,
                "ipv6_cidr_blocks": [],
                "prefix_list_ids": [],
                "protocol": "tcp",
                "security_groups": [],
                "self": false,
                "to_port": 80
              }
            ],
            "name": "elb",
            "name_prefix": "",
            "owner_id": "302238252373",
            "revoke_rules_on_delete": false,
            "tags": {
              "Name": "elb"
            },
            "timeouts": null,
            "vpc_id": "vpc-049ca0b64673029af"
          },
          "private": "eyJlMmJmYjczMC1lY2FhLTExZTYtOGY4OC0zNDM2M2JjN2M0YzAiOnsiY3JlYXRlIjo2MDAwMDAwMDAwMDAsImRlbGV0ZSI6NjAwMDAwMDAwMDAwfSwic2NoZW1hX3ZlcnNpb24iOiIxIn0=",
          "dependencies": [
            "aws_vpc.my_vpc"
          ]
        }
      ]
    },
    {
      "mode": "managed",
      "type": "aws_security_group",
      "name": "instance-sg",
      "provider": "provider.aws",
      "instances": [
        {
          "schema_version": 1,
          "attributes": {
            "arn": "arn:aws:ec2:ap-south-1:302238252373:security-group/sg-0501fcdf0a4432829",
            "description": "security group for my instance",
            "egress": [
              {
                "cidr_blocks": [
                  "0.0.0.0/0"
                ],
                "description": "",
                "from_port": 0,
                "ipv6_cidr_blocks": [],
                "prefix_list_ids": [],
                "protocol": "-1",
                "security_groups": [],
                "self": false,
                "to_port": 0
              }
            ],
            "id": "sg-0501fcdf0a4432829",
            "ingress": [
              {
                "cidr_blocks": [
                  "0.0.0.0/0"
                ],
                "description": "",
                "from_port": 22,
                "ipv6_cidr_blocks": [],
                "prefix_list_ids": [],
                "protocol": "tcp",
                "security_groups": [],
                "self": false,
                "to_port": 22
              },
              {
                "cidr_blocks": [],
                "description": "",
                "from_port": 80,
                "ipv6_cidr_blocks": [],
                "prefix_list_ids": [],
                "protocol": "tcp",
                "security_groups": [
                  "sg-0d265564d293cb6aa"
                ],
                "self": false,
                "to_port": 80
              }
            ],
            "name": "Instance-SG",
            "name_prefix": "",
            "owner_id": "302238252373",
            "revoke_rules_on_delete": false,
            "tags": {
              "Name": "Instance-SG"
            },
            "timeouts": null,
            "vpc_id": "vpc-049ca0b64673029af"
          },
          "private": "eyJlMmJmYjczMC1lY2FhLTExZTYtOGY4OC0zNDM2M2JjN2M0YzAiOnsiY3JlYXRlIjo2MDAwMDAwMDAwMDAsImRlbGV0ZSI6NjAwMDAwMDAwMDAwfSwic2NoZW1hX3ZlcnNpb24iOiIxIn0=",
          "dependencies": [
            "aws_security_group.elb-securitygroup",
            "aws_vpc.my_vpc"
          ]
        }
      ]
    },
    {
      "mode": "managed",
      "type": "aws_subnet",
      "name": "Private_SN_1",
      "provider": "provider.aws",
      "instances": [
        {
          "schema_version": 1,
          "attributes": {
            "arn": "arn:aws:ec2:ap-south-1:302238252373:subnet/subnet-0d7a9813ee2651942",
            "assign_ipv6_address_on_creation": false,
            "availability_zone": "ap-south-1a",
            "availability_zone_id": "aps1-az1",
            "cidr_block": "70.0.4.0/24",
            "id": "subnet-0d7a9813ee2651942",
            "ipv6_cidr_block": "",
            "ipv6_cidr_block_association_id": "",
            "map_public_ip_on_launch": false,
            "outpost_arn": "",
            "owner_id": "302238252373",
            "tags": {
              "Name": "Private_SN_1"
            },
            "timeouts": null,
            "vpc_id": "vpc-049ca0b64673029af"
          },
          "private": "eyJlMmJmYjczMC1lY2FhLTExZTYtOGY4OC0zNDM2M2JjN2M0YzAiOnsiY3JlYXRlIjo2MDAwMDAwMDAwMDAsImRlbGV0ZSI6MTIwMDAwMDAwMDAwMH0sInNjaGVtYV92ZXJzaW9uIjoiMSJ9",
          "dependencies": [
            "aws_vpc.my_vpc"
          ]
        }
      ]
    },
    {
      "mode": "managed",
      "type": "aws_subnet",
      "name": "Private_SN_2",
      "provider": "provider.aws",
      "instances": [
        {
          "schema_version": 1,
          "attributes": {
            "arn": "arn:aws:ec2:ap-south-1:302238252373:subnet/subnet-094efd16613ee2514",
            "assign_ipv6_address_on_creation": false,
            "availability_zone": "ap-south-1b",
            "availability_zone_id": "aps1-az3",
            "cidr_block": "70.0.5.0/24",
            "id": "subnet-094efd16613ee2514",
            "ipv6_cidr_block": "",
            "ipv6_cidr_block_association_id": "",
            "map_public_ip_on_launch": false,
            "outpost_arn": "",
            "owner_id": "302238252373",
            "tags": {
              "Name": "Private_SN_2"
            },
            "timeouts": null,
            "vpc_id": "vpc-049ca0b64673029af"
          },
          "private": "eyJlMmJmYjczMC1lY2FhLTExZTYtOGY4OC0zNDM2M2JjN2M0YzAiOnsiY3JlYXRlIjo2MDAwMDAwMDAwMDAsImRlbGV0ZSI6MTIwMDAwMDAwMDAwMH0sInNjaGVtYV92ZXJzaW9uIjoiMSJ9",
          "dependencies": [
            "aws_vpc.my_vpc"
          ]
        }
      ]
    },
    {
      "mode": "managed",
      "type": "aws_subnet",
      "name": "Private_SN_3",
      "provider": "provider.aws",
      "instances": [
        {
          "schema_version": 1,
          "attributes": {
            "arn": "arn:aws:ec2:ap-south-1:302238252373:subnet/subnet-075a669a3bed5c7c8",
            "assign_ipv6_address_on_creation": false,
            "availability_zone": "ap-south-1c",
            "availability_zone_id": "aps1-az2",
            "cidr_block": "70.0.6.0/24",
            "id": "subnet-075a669a3bed5c7c8",
            "ipv6_cidr_block": "",
            "ipv6_cidr_block_association_id": "",
            "map_public_ip_on_launch": false,
            "outpost_arn": "",
            "owner_id": "302238252373",
            "tags": {
              "Name": "Private_SN_3"
            },
            "timeouts": null,
            "vpc_id": "vpc-049ca0b64673029af"
          },
          "private": "eyJlMmJmYjczMC1lY2FhLTExZTYtOGY4OC0zNDM2M2JjN2M0YzAiOnsiY3JlYXRlIjo2MDAwMDAwMDAwMDAsImRlbGV0ZSI6MTIwMDAwMDAwMDAwMH0sInNjaGVtYV92ZXJzaW9uIjoiMSJ9",
          "dependencies": [
            "aws_vpc.my_vpc"
          ]
        }
      ]
    },
    {
      "mode": "managed",
      "type": "aws_subnet",
      "name": "Public_SN_1",
      "provider": "provider.aws",
      "instances": [
        {
          "schema_version": 1,
          "attributes": {
            "arn": "arn:aws:ec2:ap-south-1:302238252373:subnet/subnet-007ecef870c047893",
            "assign_ipv6_address_on_creation": false,
            "availability_zone": "ap-south-1a",
            "availability_zone_id": "aps1-az1",
            "cidr_block": "70.0.1.0/24",
            "id": "subnet-007ecef870c047893",
            "ipv6_cidr_block": "",
            "ipv6_cidr_block_association_id": "",
            "map_public_ip_on_launch": true,
            "outpost_arn": "",
            "owner_id": "302238252373",
            "tags": {
              "Name": "Public_SN_1"
            },
            "timeouts": null,
            "vpc_id": "vpc-049ca0b64673029af"
          },
          "private": "eyJlMmJmYjczMC1lY2FhLTExZTYtOGY4OC0zNDM2M2JjN2M0YzAiOnsiY3JlYXRlIjo2MDAwMDAwMDAwMDAsImRlbGV0ZSI6MTIwMDAwMDAwMDAwMH0sInNjaGVtYV92ZXJzaW9uIjoiMSJ9",
          "dependencies": [
            "aws_vpc.my_vpc"
          ]
        }
      ]
    },
    {
      "mode": "managed",
      "type": "aws_subnet",
      "name": "Public_SN_2",
      "provider": "provider.aws",
      "instances": [
        {
          "schema_version": 1,
          "attributes": {
            "arn": "arn:aws:ec2:ap-south-1:302238252373:subnet/subnet-0461ab2a17fd4ffa5",
            "assign_ipv6_address_on_creation": false,
            "availability_zone": "ap-south-1b",
            "availability_zone_id": "aps1-az3",
            "cidr_block": "70.0.2.0/24",
            "id": "subnet-0461ab2a17fd4ffa5",
            "ipv6_cidr_block": "",
            "ipv6_cidr_block_association_id": "",
            "map_public_ip_on_launch": true,
            "outpost_arn": "",
            "owner_id": "302238252373",
            "tags": {
              "Name": "Public_SN_2"
            },
            "timeouts": null,
            "vpc_id": "vpc-049ca0b64673029af"
          },
          "private": "eyJlMmJmYjczMC1lY2FhLTExZTYtOGY4OC0zNDM2M2JjN2M0YzAiOnsiY3JlYXRlIjo2MDAwMDAwMDAwMDAsImRlbGV0ZSI6MTIwMDAwMDAwMDAwMH0sInNjaGVtYV92ZXJzaW9uIjoiMSJ9",
          "dependencies": [
            "aws_vpc.my_vpc"
          ]
        }
      ]
    },
    {
      "mode": "managed",
      "type": "aws_subnet",
      "name": "Public_SN_3",
      "provider": "provider.aws",
      "instances": [
        {
          "schema_version": 1,
          "attributes": {
            "arn": "arn:aws:ec2:ap-south-1:302238252373:subnet/subnet-01c9c7d9130c0e25f",
            "assign_ipv6_address_on_creation": false,
            "availability_zone": "ap-south-1c",
            "availability_zone_id": "aps1-az2",
            "cidr_block": "70.0.3.0/24",
            "id": "subnet-01c9c7d9130c0e25f",
            "ipv6_cidr_block": "",
            "ipv6_cidr_block_association_id": "",
            "map_public_ip_on_launch": true,
            "outpost_arn": "",
            "owner_id": "302238252373",
            "tags": {
              "Name": "Public_SN_3"
            },
            "timeouts": null,
            "vpc_id": "vpc-049ca0b64673029af"
          },
          "private": "eyJlMmJmYjczMC1lY2FhLTExZTYtOGY4OC0zNDM2M2JjN2M0YzAiOnsiY3JlYXRlIjo2MDAwMDAwMDAwMDAsImRlbGV0ZSI6MTIwMDAwMDAwMDAwMH0sInNjaGVtYV92ZXJzaW9uIjoiMSJ9",
          "dependencies": [
            "aws_vpc.my_vpc"
          ]
        }
      ]
    },
    {
      "mode": "managed",
      "type": "aws_vpc",
      "name": "my_vpc",
      "provider": "provider.aws",
      "instances": [
        {
          "schema_version": 1,
          "attributes": {
            "arn": "arn:aws:ec2:ap-south-1:302238252373:vpc/vpc-049ca0b64673029af",
            "assign_generated_ipv6_cidr_block": false,
            "cidr_block": "70.0.0.0/16",
            "default_network_acl_id": "acl-00e0096ef8264fb62",
            "default_route_table_id": "rtb-01c97fabc6ab3afaf",
            "default_security_group_id": "sg-0033218dcdc71be25",
            "dhcp_options_id": "dopt-15fb2a7e",
            "enable_classiclink": false,
            "enable_classiclink_dns_support": null,
            "enable_dns_hostnames": true,
            "enable_dns_support": true,
            "id": "vpc-049ca0b64673029af",
            "instance_tenancy": "default",
            "ipv6_association_id": "",
            "ipv6_cidr_block": "",
            "main_route_table_id": "rtb-01c97fabc6ab3afaf",
            "owner_id": "302238252373",
            "tags": {
              "Name": "my_vpc"
            }
          },
          "private": "eyJzY2hlbWFfdmVyc2lvbiI6IjEifQ=="
        }
      ]
    }
  ]
}
